Microsoft Visual Studio Solution File, Format Version 12.00
# Visual Studio Version 17
VisualStudioVersion = 17.5.2.0
MinimumVisualStudioVersion = 10.0.40219.1
Project("{2150E333-8FDC-42A3-9474-1A3956D46DE8}") = "problems", "problems", "{BEC6521A-F901-2BBF-F273-35A4FDC6E8A1}"
EndProject
Project("{2150E333-8FDC-42A3-9474-1A3956D46DE8}") = "01_hubbard", "01_hubbard", "{5ACD17FC-F383-5473-1F31-FB236B8DF7FD}"
EndProject
Project("{2150E333-8FDC-42A3-9474-1A3956D46DE8}") = "qsharp", "qsharp", "{95C51443-E4BE-6F11-BB09-BDAC1AFF0677}"
EndProject
Project("{FAE04EC0-301F-11D3-BF4B-00C04F79EFBC}") = "Hubbard", "problems\01_hubbard\qsharp\Hubbard.csproj", "{4AE82346-499F-F57A-6A8D-D46EF25672A5}"
EndProject
Project("{2150E333-8FDC-42A3-9474-1A3956D46DE8}") = "02_catalysis", "02_catalysis", "{8EFAED7D-382C-2501-3EA5-6225CBDAD9F0}"
EndProject
Project("{2150E333-8FDC-42A3-9474-1A3956D46DE8}") = "qsharp", "qsharp", "{70B33559-0D2B-AF0B-F899-CE4AB4B797E3}"
EndProject
Project("{FAE04EC0-301F-11D3-BF4B-00C04F79EFBC}") = "Catalysis", "problems\02_catalysis\qsharp\Catalysis.csproj", "{915CB034-642D-0BD2-C814-2AED7883323B}"
EndProject
Project("{2150E333-8FDC-42A3-9474-1A3956D46DE8}") = "03_qae_risk", "03_qae_risk", "{73ED02F8-62D0-E146-DA37-EA2E5306AF55}"
EndProject
Project("{2150E333-8FDC-42A3-9474-1A3956D46DE8}") = "qsharp", "qsharp", "{F0E506F1-C4E4-8463-8836-229E5A96696D}"
EndProject
Project("{FAE04EC0-301F-11D3-BF4B-00C04F79EFBC}") = "QAERisk", "problems\03_qae_risk\qsharp\QAERisk.csproj", "{F2136BC7-6745-F314-E9E1-2E47F96FA42B}"
EndProject
Project("{2150E333-8FDC-42A3-9474-1A3956D46DE8}") = "04_linear_solvers", "04_linear_solvers", "{6B9018DF-ADC6-B7D9-C3CD-1049311F5BEC}"
EndProject
Project("{2150E333-8FDC-42A3-9474-1A3956D46DE8}") = "qsharp", "qsharp", "{5229D36D-8481-1CFF-22C6-6E09C4CCAEE3}"
EndProject
Project("{FAE04EC0-301F-11D3-BF4B-00C04F79EFBC}") = "LinearSolvers", "problems\04_linear_solvers\qsharp\LinearSolvers.csproj", "{111A48A4-DE74-9558-F778-755ED204CBC1}"
EndProject
Project("{2150E333-8FDC-42A3-9474-1A3956D46DE8}") = "05_qaoa_maxcut", "05_qaoa_maxcut", "{65E996EA-4DFF-DAAD-0730-DA84C0A0D2DA}"
EndProject
Project("{2150E333-8FDC-42A3-9474-1A3956D46DE8}") = "host", "host", "{6B704639-6899-867A-5D26-86FEAA172B49}"
EndProject
Project("{FAE04EC0-301F-11D3-BF4B-00C04F79EFBC}") = "QaoaMaxCut.Driver", "problems\05_qaoa_maxcut\host\QaoaMaxCut.Driver.csproj", "{07B81EF8-1E6C-6C63-5328-3D9B85751E16}"
EndProject
Project("{2150E333-8FDC-42A3-9474-1A3956D46DE8}") = "qsharp", "qsharp", "{4386A554-FAAF-CB24-5030-9FB8B002BE46}"
EndProject
Project("{FAE04EC0-301F-11D3-BF4B-00C04F79EFBC}") = "QaoaMaxCut", "problems\05_qaoa_maxcut\qsharp\QaoaMaxCut.csproj", "{C44CFCE4-8F5A-AAAF-D127-9DA5CD257490}"
EndProject
Project("{2150E333-8FDC-42A3-9474-1A3956D46DE8}") = "06_high_frequency_trading", "06_high_frequency_trading", "{244E063E-29E3-F01F-C4C4-2A75B1B08FCE}"
EndProject
Project("{2150E333-8FDC-42A3-9474-1A3956D46DE8}") = "qsharp", "qsharp", "{851E30E1-D816-5C69-F2E0-1A224C69874F}"
EndProject
Project("{FAE04EC0-301F-11D3-BF4B-00C04F79EFBC}") = "HighFrequencyTrading", "problems\06_high_frequency_trading\qsharp\HighFrequencyTrading.csproj", "{61C0028E-BF87-239E-0AB6-127973D6FAE1}"
EndProject
Project("{2150E333-8FDC-42A3-9474-1A3956D46DE8}") = "07_drug_discovery", "07_drug_discovery", "{524B9DFE-7706-BF88-7485-01C5C115092F}"
EndProject
Project("{2150E333-8FDC-42A3-9474-1A3956D46DE8}") = "qsharp", "qsharp", "{8EA692EB-294A-A60E-DD9B-ED8F72F9C8DF}"
EndProject
Project("{FAE04EC0-301F-11D3-BF4B-00C04F79EFBC}") = "DrugDiscovery", "problems\07_drug_discovery\qsharp\DrugDiscovery.csproj", "{3310521D-195A-2B89-6FDE-5594A596BFAA}"
EndProject
Project("{2150E333-8FDC-42A3-9474-1A3956D46DE8}") = "08_protein_folding", "08_protein_folding", "{F153AC52-5B5E-ABB3-3755-B60CEB137F4C}"
EndProject
Project("{2150E333-8FDC-42A3-9474-1A3956D46DE8}") = "qsharp", "qsharp", "{84C88C57-3824-9E0C-213A-FF98BB18A510}"
EndProject
Project("{FAE04EC0-301F-11D3-BF4B-00C04F79EFBC}") = "ProteinFolding", "problems\08_protein_folding\qsharp\ProteinFolding.csproj", "{1449DB74-2C73-58B0-BF20-DCDAC872CD0E}"
EndProject
Project("{2150E333-8FDC-42A3-9474-1A3956D46DE8}") = "09_factorization", "09_factorization", "{0C9E775A-1D5D-1C3C-7D65-B4B80C534D7B}"
EndProject
Project("{2150E333-8FDC-42A3-9474-1A3956D46DE8}") = "qsharp", "qsharp", "{8A822AC3-0C2F-8E19-3D0F-5FD6CD51184C}"
EndProject
Project("{FAE04EC0-301F-11D3-BF4B-00C04F79EFBC}") = "Factorization", "problems\09_factorization\qsharp\Factorization.csproj", "{9D754087-FB93-E1C1-F92B-37AD2A3D82B6}"
EndProject
Project("{2150E333-8FDC-42A3-9474-1A3956D46DE8}") = "10_post_quantum_cryptography", "10_post_quantum_cryptography", "{B3B6CB98-F7BF-5626-0A95-FF31DDF9ADC2}"
EndProject
Project("{2150E333-8FDC-42A3-9474-1A3956D46DE8}") = "qsharp", "qsharp", "{2B054FDF-8536-9913-5D6F-6DF1EDE96772}"
EndProject
Project("{FAE04EC0-301F-11D3-BF4B-00C04F79EFBC}") = "PostQuantum", "problems\10_post_quantum_cryptography\qsharp\PostQuantum.csproj", "{A9601B06-4116-6CCD-8D01-84C73E5CD0CB}"
EndProject
Project("{2150E333-8FDC-42A3-9474-1A3956D46DE8}") = "11_quantum_machine_learning", "11_quantum_machine_learning", "{91E6900D-0190-400D-F3E2-9CF3809F8E99}"
EndProject
Project("{2150E333-8FDC-42A3-9474-1A3956D46DE8}") = "qsharp", "qsharp", "{7C73A3D2-BCBA-C460-C78F-C83D32666F52}"
EndProject
Project("{FAE04EC0-301F-11D3-BF4B-00C04F79EFBC}") = "QuantumML", "problems\11_quantum_machine_learning\qsharp\QuantumML.csproj", "{71C0B2AD-93E7-C147-DD61-57D7D4F01C4F}"
EndProject
Project("{2150E333-8FDC-42A3-9474-1A3956D46DE8}") = "12_quantum_optimization", "12_quantum_optimization", "{DB185D3D-E8AF-BA44-C0F9-79FA0BDE647E}"
EndProject
Project("{2150E333-8FDC-42A3-9474-1A3956D46DE8}") = "qsharp", "qsharp", "{CEFE9CBC-AED0-42D3-C290-C39F159FE4C6}"
EndProject
Project("{FAE04EC0-301F-11D3-BF4B-00C04F79EFBC}") = "QuantumOptimization", "problems\12_quantum_optimization\qsharp\QuantumOptimization.csproj", "{74D3FEF7-38C4-953C-F1AC-87646771B9B4}"
EndProject
Project("{2150E333-8FDC-42A3-9474-1A3956D46DE8}") = "13_climate_modeling", "13_climate_modeling", "{FD225E71-E9DB-9148-727C-3575B6D5FC1F}"
EndProject
Project("{2150E333-8FDC-42A3-9474-1A3956D46DE8}") = "qsharp", "qsharp", "{2F06D890-2F18-566C-BD3D-41E7DB37A145}"
EndProject
Project("{FAE04EC0-301F-11D3-BF4B-00C04F79EFBC}") = "QuantumClimate", "problems\13_climate_modeling\qsharp\QuantumClimate.csproj", "{AFC18A85-6BCD-054B-E119-ACCF1C6C600A}"
EndProject
Project("{2150E333-8FDC-42A3-9474-1A3956D46DE8}") = "14_materials_discovery", "14_materials_discovery", "{CB77389D-946F-493E-A2FF-4CAFF561A286}"
EndProject
Project("{2150E333-8FDC-42A3-9474-1A3956D46DE8}") = "qsharp", "qsharp", "{6442917C-46D1-DB72-A8A4-F103C79B1C12}"
EndProject
Project("{FAE04EC0-301F-11D3-BF4B-00C04F79EFBC}") = "QuantumMaterials", "problems\14_materials_discovery\qsharp\QuantumMaterials.csproj", "{926350CC-6BC8-87FF-AA99-0EA0108F0189}"
EndProject
Project("{2150E333-8FDC-42A3-9474-1A3956D46DE8}") = "15_database_search", "15_database_search", "{17E411BA-141B-A998-EE63-9D7C6B30F1B5}"
EndProject
Project("{2150E333-8FDC-42A3-9474-1A3956D46DE8}") = "qsharp", "qsharp", "{877F4720-4E9E-EF1D-9507-B2236F407A34}"
EndProject
Project("{FAE04EC0-301F-11D3-BF4B-00C04F79EFBC}") = "QuantumSearch", "problems\15_database_search\qsharp\QuantumSearch.csproj", "{BBA5DCB9-461B-1546-F543-575226AF8664}"
EndProject
Project("{2150E333-8FDC-42A3-9474-1A3956D46DE8}") = "16_error_correction", "16_error_correction", "{A13CB96C-FEF7-7809-2BF9-FBBA106420D7}"
EndProject
Project("{2150E333-8FDC-42A3-9474-1A3956D46DE8}") = "qsharp", "qsharp", "{007B55E8-3197-AB87-08A3-8423298E8BEB}"
EndProject
Project("{FAE04EC0-301F-11D3-BF4B-00C04F79EFBC}") = "QuantumQEC", "problems\16_error_correction\qsharp\QuantumQEC.csproj", "{1269EEE6-EC01-F725-A1BD-20C647C0E7DD}"
EndProject
Project("{2150E333-8FDC-42A3-9474-1A3956D46DE8}") = "17_nuclear_physics", "17_nuclear_physics", "{D7CBB0D9-B4AE-73DF-CADB-87BA1AFFA984}"
EndProject
Project("{2150E333-8FDC-42A3-9474-1A3956D46DE8}") = "qsharp", "qsharp", "{E6CEFF54-E10C-7459-A0AB-CC7EF12196C1}"
EndProject
Project("{FAE04EC0-301F-11D3-BF4B-00C04F79EFBC}") = "QuantumNuclear", "problems\17_nuclear_physics\qsharp\QuantumNuclear.csproj", "{F42A3942-CF7F-51CC-D3AA-1579695392A3}"
EndProject
Project("{2150E333-8FDC-42A3-9474-1A3956D46DE8}") = "18_photovoltaics", "18_photovoltaics", "{D3D01559-5510-9CF1-B974-6A2BAB5C6D0B}"
EndProject
Project("{2150E333-8FDC-42A3-9474-1A3956D46DE8}") = "qsharp", "qsharp", "{8EC177EE-E86E-67F1-9D85-6361BDA9DE54}"
EndProject
Project("{FAE04EC0-301F-11D3-BF4B-00C04F79EFBC}") = "QuantumPhotovoltaics", "problems\18_photovoltaics\qsharp\QuantumPhotovoltaics.csproj", "{C15DB9D7-D155-8F62-1ABA-45883A4B4920}"
EndProject
Project("{2150E333-8FDC-42A3-9474-1A3956D46DE8}") = "19_quantum_chromodynamics", "19_quantum_chromodynamics", "{4A91D6BA-F637-2F23-0A45-CA22391FD8DF}"
EndProject
Project("{2150E333-8FDC-42A3-9474-1A3956D46DE8}") = "qsharp", "qsharp", "{6F8D4E02-EAD9-8B78-8348-DE3FDCB68F1F}"
EndProject
Project("{FAE04EC0-301F-11D3-BF4B-00C04F79EFBC}") = "QuantumQcd", "problems\19_quantum_chromodynamics\qsharp\QuantumQcd.csproj", "{EFD5694E-0A50-B6B6-87D2-EC7F5DD6E52A}"
EndProject
Project("{2150E333-8FDC-42A3-9474-1A3956D46DE8}") = "20_space_mission_planning", "20_space_mission_planning", "{481D250E-4555-140F-2293-CC5B81FF42F5}"
EndProject
Project("{2150E333-8FDC-42A3-9474-1A3956D46DE8}") = "qsharp", "qsharp", "{0D997090-C688-E377-C481-B09EB9548262}"
EndProject
Project("{FAE04EC0-301F-11D3-BF4B-00C04F79EFBC}") = "QuantumMission", "problems\20_space_mission_planning\qsharp\QuantumMission.csproj", "{E16CEB5C-1182-0835-7442-30A4E8D201B1}"
EndProject
Global
	GlobalSection(SolutionConfigurationPlatforms) = preSolution
		Debug|Any CPU = Debug|Any CPU
		Release|Any CPU = Release|Any CPU
	EndGlobalSection
	GlobalSection(ProjectConfigurationPlatforms) = postSolution
		{4AE82346-499F-F57A-6A8D-D46EF25672A5}.Debug|Any CPU.ActiveCfg = Debug|Any CPU
		{4AE82346-499F-F57A-6A8D-D46EF25672A5}.Debug|Any CPU.Build.0 = Debug|Any CPU
		{4AE82346-499F-F57A-6A8D-D46EF25672A5}.Release|Any CPU.ActiveCfg = Release|Any CPU
		{4AE82346-499F-F57A-6A8D-D46EF25672A5}.Release|Any CPU.Build.0 = Release|Any CPU
		{915CB034-642D-0BD2-C814-2AED7883323B}.Debug|Any CPU.ActiveCfg = Debug|Any CPU
		{915CB034-642D-0BD2-C814-2AED7883323B}.Debug|Any CPU.Build.0 = Debug|Any CPU
		{915CB034-642D-0BD2-C814-2AED7883323B}.Release|Any CPU.ActiveCfg = Release|Any CPU
		{915CB034-642D-0BD2-C814-2AED7883323B}.Release|Any CPU.Build.0 = Release|Any CPU
		{F2136BC7-6745-F314-E9E1-2E47F96FA42B}.Debug|Any CPU.ActiveCfg = Debug|Any CPU
		{F2136BC7-6745-F314-E9E1-2E47F96FA42B}.Debug|Any CPU.Build.0 = Debug|Any CPU
		{F2136BC7-6745-F314-E9E1-2E47F96FA42B}.Release|Any CPU.ActiveCfg = Release|Any CPU
		{F2136BC7-6745-F314-E9E1-2E47F96FA42B}.Release|Any CPU.Build.0 = Release|Any CPU
		{111A48A4-DE74-9558-F778-755ED204CBC1}.Debug|Any CPU.ActiveCfg = Debug|Any CPU
		{111A48A4-DE74-9558-F778-755ED204CBC1}.Debug|Any CPU.Build.0 = Debug|Any CPU
		{111A48A4-DE74-9558-F778-755ED204CBC1}.Release|Any CPU.ActiveCfg = Release|Any CPU
		{111A48A4-DE74-9558-F778-755ED204CBC1}.Release|Any CPU.Build.0 = Release|Any CPU
		{07B81EF8-1E6C-6C63-5328-3D9B85751E16}.Debug|Any CPU.ActiveCfg = Debug|Any CPU
		{07B81EF8-1E6C-6C63-5328-3D9B85751E16}.Debug|Any CPU.Build.0 = Debug|Any CPU
		{07B81EF8-1E6C-6C63-5328-3D9B85751E16}.Release|Any CPU.ActiveCfg = Release|Any CPU
		{07B81EF8-1E6C-6C63-5328-3D9B85751E16}.Release|Any CPU.Build.0 = Release|Any CPU
		{C44CFCE4-8F5A-AAAF-D127-9DA5CD257490}.Debug|Any CPU.ActiveCfg = Debug|Any CPU
		{C44CFCE4-8F5A-AAAF-D127-9DA5CD257490}.Debug|Any CPU.Build.0 = Debug|Any CPU
		{C44CFCE4-8F5A-AAAF-D127-9DA5CD257490}.Release|Any CPU.ActiveCfg = Release|Any CPU
		{C44CFCE4-8F5A-AAAF-D127-9DA5CD257490}.Release|Any CPU.Build.0 = Release|Any CPU
		{61C0028E-BF87-239E-0AB6-127973D6FAE1}.Debug|Any CPU.ActiveCfg = Debug|Any CPU
		{61C0028E-BF87-239E-0AB6-127973D6FAE1}.Debug|Any CPU.Build.0 = Debug|Any CPU
		{61C0028E-BF87-239E-0AB6-127973D6FAE1}.Release|Any CPU.ActiveCfg = Release|Any CPU
		{61C0028E-BF87-239E-0AB6-127973D6FAE1}.Release|Any CPU.Build.0 = Release|Any CPU
		{3310521D-195A-2B89-6FDE-5594A596BFAA}.Debug|Any CPU.ActiveCfg = Debug|Any CPU
		{3310521D-195A-2B89-6FDE-5594A596BFAA}.Debug|Any CPU.Build.0 = Debug|Any CPU
		{3310521D-195A-2B89-6FDE-5594A596BFAA}.Release|Any CPU.ActiveCfg = Release|Any CPU
		{3310521D-195A-2B89-6FDE-5594A596BFAA}.Release|Any CPU.Build.0 = Release|Any CPU
		{1449DB74-2C73-58B0-BF20-DCDAC872CD0E}.Debug|Any CPU.ActiveCfg = Debug|Any CPU
		{1449DB74-2C73-58B0-BF20-DCDAC872CD0E}.Debug|Any CPU.Build.0 = Debug|Any CPU
		{1449DB74-2C73-58B0-BF20-DCDAC872CD0E}.Release|Any CPU.ActiveCfg = Release|Any CPU
		{1449DB74-2C73-58B0-BF20-DCDAC872CD0E}.Release|Any CPU.Build.0 = Release|Any CPU
		{9D754087-FB93-E1C1-F92B-37AD2A3D82B6}.Debug|Any CPU.ActiveCfg = Debug|Any CPU
		{9D754087-FB93-E1C1-F92B-37AD2A3D82B6}.Debug|Any CPU.Build.0 = Debug|Any CPU
		{9D754087-FB93-E1C1-F92B-37AD2A3D82B6}.Release|Any CPU.ActiveCfg = Release|Any CPU
		{9D754087-FB93-E1C1-F92B-37AD2A3D82B6}.Release|Any CPU.Build.0 = Release|Any CPU
		{A9601B06-4116-6CCD-8D01-84C73E5CD0CB}.Debug|Any CPU.ActiveCfg = Debug|Any CPU
		{A9601B06-4116-6CCD-8D01-84C73E5CD0CB}.Debug|Any CPU.Build.0 = Debug|Any CPU
		{A9601B06-4116-6CCD-8D01-84C73E5CD0CB}.Release|Any CPU.ActiveCfg = Release|Any CPU
		{A9601B06-4116-6CCD-8D01-84C73E5CD0CB}.Release|Any CPU.Build.0 = Release|Any CPU
		{71C0B2AD-93E7-C147-DD61-57D7D4F01C4F}.Debug|Any CPU.ActiveCfg = Debug|Any CPU
		{71C0B2AD-93E7-C147-DD61-57D7D4F01C4F}.Debug|Any CPU.Build.0 = Debug|Any CPU
		{71C0B2AD-93E7-C147-DD61-57D7D4F01C4F}.Release|Any CPU.ActiveCfg = Release|Any CPU
		{71C0B2AD-93E7-C147-DD61-57D7D4F01C4F}.Release|Any CPU.Build.0 = Release|Any CPU
		{74D3FEF7-38C4-953C-F1AC-87646771B9B4}.Debug|Any CPU.ActiveCfg = Debug|Any CPU
		{74D3FEF7-38C4-953C-F1AC-87646771B9B4}.Debug|Any CPU.Build.0 = Debug|Any CPU
		{74D3FEF7-38C4-953C-F1AC-87646771B9B4}.Release|Any CPU.ActiveCfg = Release|Any CPU
		{74D3FEF7-38C4-953C-F1AC-87646771B9B4}.Release|Any CPU.Build.0 = Release|Any CPU
		{AFC18A85-6BCD-054B-E119-ACCF1C6C600A}.Debug|Any CPU.ActiveCfg = Debug|Any CPU
		{AFC18A85-6BCD-054B-E119-ACCF1C6C600A}.Debug|Any CPU.Build.0 = Debug|Any CPU
		{AFC18A85-6BCD-054B-E119-ACCF1C6C600A}.Release|Any CPU.ActiveCfg = Release|Any CPU
		{AFC18A85-6BCD-054B-E119-ACCF1C6C600A}.Release|Any CPU.Build.0 = Release|Any CPU
		{926350CC-6BC8-87FF-AA99-0EA0108F0189}.Debug|Any CPU.ActiveCfg = Debug|Any CPU
		{926350CC-6BC8-87FF-AA99-0EA0108F0189}.Debug|Any CPU.Build.0 = Debug|Any CPU
		{926350CC-6BC8-87FF-AA99-0EA0108F0189}.Release|Any CPU.ActiveCfg = Release|Any CPU
		{926350CC-6BC8-87FF-AA99-0EA0108F0189}.Release|Any CPU.Build.0 = Release|Any CPU
		{BBA5DCB9-461B-1546-F543-575226AF8664}.Debug|Any CPU.ActiveCfg = Debug|Any CPU
		{BBA5DCB9-461B-1546-F543-575226AF8664}.Debug|Any CPU.Build.0 = Debug|Any CPU
		{BBA5DCB9-461B-1546-F543-575226AF8664}.Release|Any CPU.ActiveCfg = Release|Any CPU
		{BBA5DCB9-461B-1546-F543-575226AF8664}.Release|Any CPU.Build.0 = Release|Any CPU
		{1269EEE6-EC01-F725-A1BD-20C647C0E7DD}.Debug|Any CPU.ActiveCfg = Debug|Any CPU
		{1269EEE6-EC01-F725-A1BD-20C647C0E7DD}.Debug|Any CPU.Build.0 = Debug|Any CPU
		{1269EEE6-EC01-F725-A1BD-20C647C0E7DD}.Release|Any CPU.ActiveCfg = Release|Any CPU
		{1269EEE6-EC01-F725-A1BD-20C647C0E7DD}.Release|Any CPU.Build.0 = Release|Any CPU
		{F42A3942-CF7F-51CC-D3AA-1579695392A3}.Debug|Any CPU.ActiveCfg = Debug|Any CPU
		{F42A3942-CF7F-51CC-D3AA-1579695392A3}.Debug|Any CPU.Build.0 = Debug|Any CPU
		{F42A3942-CF7F-51CC-D3AA-1579695392A3}.Release|Any CPU.ActiveCfg = Release|Any CPU
		{F42A3942-CF7F-51CC-D3AA-1579695392A3}.Release|Any CPU.Build.0 = Release|Any CPU
		{C15DB9D7-D155-8F62-1ABA-45883A4B4920}.Debug|Any CPU.ActiveCfg = Debug|Any CPU
		{C15DB9D7-D155-8F62-1ABA-45883A4B4920}.Debug|Any CPU.Build.0 = Debug|Any CPU
		{C15DB9D7-D155-8F62-1ABA-45883A4B4920}.Release|Any CPU.ActiveCfg = Release|Any CPU
		{C15DB9D7-D155-8F62-1ABA-45883A4B4920}.Release|Any CPU.Build.0 = Release|Any CPU
		{EFD5694E-0A50-B6B6-87D2-EC7F5DD6E52A}.Debug|Any CPU.ActiveCfg = Debug|Any CPU
		{EFD5694E-0A50-B6B6-87D2-EC7F5DD6E52A}.Debug|Any CPU.Build.0 = Debug|Any CPU
		{EFD5694E-0A50-B6B6-87D2-EC7F5DD6E52A}.Release|Any CPU.ActiveCfg = Release|Any CPU
		{EFD5694E-0A50-B6B6-87D2-EC7F5DD6E52A}.Release|Any CPU.Build.0 = Release|Any CPU
		{E16CEB5C-1182-0835-7442-30A4E8D201B1}.Debug|Any CPU.ActiveCfg = Debug|Any CPU
		{E16CEB5C-1182-0835-7442-30A4E8D201B1}.Debug|Any CPU.Build.0 = Debug|Any CPU
		{E16CEB5C-1182-0835-7442-30A4E8D201B1}.Release|Any CPU.ActiveCfg = Release|Any CPU
		{E16CEB5C-1182-0835-7442-30A4E8D201B1}.Release|Any CPU.Build.0 = Release|Any CPU
	EndGlobalSection
	GlobalSection(SolutionProperties) = preSolution
		HideSolutionNode = FALSE
	EndGlobalSection
	GlobalSection(NestedProjects) = preSolution
		{5ACD17FC-F383-5473-1F31-FB236B8DF7FD} = {BEC6521A-F901-2BBF-F273-35A4FDC6E8A1}
		{95C51443-E4BE-6F11-BB09-BDAC1AFF0677} = {5ACD17FC-F383-5473-1F31-FB236B8DF7FD}
		{4AE82346-499F-F57A-6A8D-D46EF25672A5} = {95C51443-E4BE-6F11-BB09-BDAC1AFF0677}
		{8EFAED7D-382C-2501-3EA5-6225CBDAD9F0} = {BEC6521A-F901-2BBF-F273-35A4FDC6E8A1}
		{70B33559-0D2B-AF0B-F899-CE4AB4B797E3} = {8EFAED7D-382C-2501-3EA5-6225CBDAD9F0}
		{915CB034-642D-0BD2-C814-2AED7883323B} = {70B33559-0D2B-AF0B-F899-CE4AB4B797E3}
		{73ED02F8-62D0-E146-DA37-EA2E5306AF55} = {BEC6521A-F901-2BBF-F273-35A4FDC6E8A1}
		{F0E506F1-C4E4-8463-8836-229E5A96696D} = {73ED02F8-62D0-E146-DA37-EA2E5306AF55}
		{F2136BC7-6745-F314-E9E1-2E47F96FA42B} = {F0E506F1-C4E4-8463-8836-229E5A96696D}
		{6B9018DF-ADC6-B7D9-C3CD-1049311F5BEC} = {BEC6521A-F901-2BBF-F273-35A4FDC6E8A1}
		{5229D36D-8481-1CFF-22C6-6E09C4CCAEE3} = {6B9018DF-ADC6-B7D9-C3CD-1049311F5BEC}
		{111A48A4-DE74-9558-F778-755ED204CBC1} = {5229D36D-8481-1CFF-22C6-6E09C4CCAEE3}
		{65E996EA-4DFF-DAAD-0730-DA84C0A0D2DA} = {BEC6521A-F901-2BBF-F273-35A4FDC6E8A1}
		{6B704639-6899-867A-5D26-86FEAA172B49} = {65E996EA-4DFF-DAAD-0730-DA84C0A0D2DA}
		{07B81EF8-1E6C-6C63-5328-3D9B85751E16} = {6B704639-6899-867A-5D26-86FEAA172B49}
		{4386A554-FAAF-CB24-5030-9FB8B002BE46} = {65E996EA-4DFF-DAAD-0730-DA84C0A0D2DA}
		{C44CFCE4-8F5A-AAAF-D127-9DA5CD257490} = {4386A554-FAAF-CB24-5030-9FB8B002BE46}
		{244E063E-29E3-F01F-C4C4-2A75B1B08FCE} = {BEC6521A-F901-2BBF-F273-35A4FDC6E8A1}
		{851E30E1-D816-5C69-F2E0-1A224C69874F} = {244E063E-29E3-F01F-C4C4-2A75B1B08FCE}
		{61C0028E-BF87-239E-0AB6-127973D6FAE1} = {851E30E1-D816-5C69-F2E0-1A224C69874F}
		{524B9DFE-7706-BF88-7485-01C5C115092F} = {BEC6521A-F901-2BBF-F273-35A4FDC6E8A1}
		{8EA692EB-294A-A60E-DD9B-ED8F72F9C8DF} = {524B9DFE-7706-BF88-7485-01C5C115092F}
		{3310521D-195A-2B89-6FDE-5594A596BFAA} = {8EA692EB-294A-A60E-DD9B-ED8F72F9C8DF}
		{F153AC52-5B5E-ABB3-3755-B60CEB137F4C} = {BEC6521A-F901-2BBF-F273-35A4FDC6E8A1}
		{84C88C57-3824-9E0C-213A-FF98BB18A510} = {F153AC52-5B5E-ABB3-3755-B60CEB137F4C}
		{1449DB74-2C73-58B0-BF20-DCDAC872CD0E} = {84C88C57-3824-9E0C-213A-FF98BB18A510}
		{0C9E775A-1D5D-1C3C-7D65-B4B80C534D7B} = {BEC6521A-F901-2BBF-F273-35A4FDC6E8A1}
		{8A822AC3-0C2F-8E19-3D0F-5FD6CD51184C} = {0C9E775A-1D5D-1C3C-7D65-B4B80C534D7B}
		{9D754087-FB93-E1C1-F92B-37AD2A3D82B6} = {8A822AC3-0C2F-8E19-3D0F-5FD6CD51184C}
		{B3B6CB98-F7BF-5626-0A95-FF31DDF9ADC2} = {BEC6521A-F901-2BBF-F273-35A4FDC6E8A1}
		{2B054FDF-8536-9913-5D6F-6DF1EDE96772} = {B3B6CB98-F7BF-5626-0A95-FF31DDF9ADC2}
		{A9601B06-4116-6CCD-8D01-84C73E5CD0CB} = {2B054FDF-8536-9913-5D6F-6DF1EDE96772}
		{91E6900D-0190-400D-F3E2-9CF3809F8E99} = {BEC6521A-F901-2BBF-F273-35A4FDC6E8A1}
		{7C73A3D2-BCBA-C460-C78F-C83D32666F52} = {91E6900D-0190-400D-F3E2-9CF3809F8E99}
		{71C0B2AD-93E7-C147-DD61-57D7D4F01C4F} = {7C73A3D2-BCBA-C460-C78F-C83D32666F52}
		{DB185D3D-E8AF-BA44-C0F9-79FA0BDE647E} = {BEC6521A-F901-2BBF-F273-35A4FDC6E8A1}
		{CEFE9CBC-AED0-42D3-C290-C39F159FE4C6} = {DB185D3D-E8AF-BA44-C0F9-79FA0BDE647E}
		{74D3FEF7-38C4-953C-F1AC-87646771B9B4} = {CEFE9CBC-AED0-42D3-C290-C39F159FE4C6}
		{FD225E71-E9DB-9148-727C-3575B6D5FC1F} = {BEC6521A-F901-2BBF-F273-35A4FDC6E8A1}
		{2F06D890-2F18-566C-BD3D-41E7DB37A145} = {FD225E71-E9DB-9148-727C-3575B6D5FC1F}
		{AFC18A85-6BCD-054B-E119-ACCF1C6C600A} = {2F06D890-2F18-566C-BD3D-41E7DB37A145}
		{CB77389D-946F-493E-A2FF-4CAFF561A286} = {BEC6521A-F901-2BBF-F273-35A4FDC6E8A1}
		{6442917C-46D1-DB72-A8A4-F103C79B1C12} = {CB77389D-946F-493E-A2FF-4CAFF561A286}
		{926350CC-6BC8-87FF-AA99-0EA0108F0189} = {6442917C-46D1-DB72-A8A4-F103C79B1C12}
		{17E411BA-141B-A998-EE63-9D7C6B30F1B5} = {BEC6521A-F901-2BBF-F273-35A4FDC6E8A1}
		{877F4720-4E9E-EF1D-9507-B2236F407A34} = {17E411BA-141B-A998-EE63-9D7C6B30F1B5}
		{BBA5DCB9-461B-1546-F543-575226AF8664} = {877F4720-4E9E-EF1D-9507-B2236F407A34}
		{A13CB96C-FEF7-7809-2BF9-FBBA106420D7} = {BEC6521A-F901-2BBF-F273-35A4FDC6E8A1}
		{007B55E8-3197-AB87-08A3-8423298E8BEB} = {A13CB96C-FEF7-7809-2BF9-FBBA106420D7}
		{1269EEE6-EC01-F725-A1BD-20C647C0E7DD} = {007B55E8-3197-AB87-08A3-8423298E8BEB}
		{D7CBB0D9-B4AE-73DF-CADB-87BA1AFFA984} = {BEC6521A-F901-2BBF-F273-35A4FDC6E8A1}
		{E6CEFF54-E10C-7459-A0AB-CC7EF12196C1} = {D7CBB0D9-B4AE-73DF-CADB-87BA1AFFA984}
		{F42A3942-CF7F-51CC-D3AA-1579695392A3} = {E6CEFF54-E10C-7459-A0AB-CC7EF12196C1}
		{D3D01559-5510-9CF1-B974-6A2BAB5C6D0B} = {BEC6521A-F901-2BBF-F273-35A4FDC6E8A1}
		{8EC177EE-E86E-67F1-9D85-6361BDA9DE54} = {D3D01559-5510-9CF1-B974-6A2BAB5C6D0B}
		{C15DB9D7-D155-8F62-1ABA-45883A4B4920} = {8EC177EE-E86E-67F1-9D85-6361BDA9DE54}
		{4A91D6BA-F637-2F23-0A45-CA22391FD8DF} = {BEC6521A-F901-2BBF-F273-35A4FDC6E8A1}
		{6F8D4E02-EAD9-8B78-8348-DE3FDCB68F1F} = {4A91D6BA-F637-2F23-0A45-CA22391FD8DF}
		{EFD5694E-0A50-B6B6-87D2-EC7F5DD6E52A} = {6F8D4E02-EAD9-8B78-8348-DE3FDCB68F1F}
		{481D250E-4555-140F-2293-CC5B81FF42F5} = {BEC6521A-F901-2BBF-F273-35A4FDC6E8A1}
		{0D997090-C688-E377-C481-B09EB9548262} = {481D250E-4555-140F-2293-CC5B81FF42F5}
		{E16CEB5C-1182-0835-7442-30A4E8D201B1} = {0D997090-C688-E377-C481-B09EB9548262}
	EndGlobalSection
	GlobalSection(ExtensibilityGlobals) = postSolution
		SolutionGuid = {441E2067-3F3D-4F68-9F77-6215ADF17485}
	EndGlobalSection
EndGlobal
